
Microsoft Visual Studio Solution File, Format Version 12.00
# Visual Studio 2013
VisualStudioVersion = 12.0.30110.0
MinimumVisualStudioVersion = 10.0.40219.1
Project("{8BC9CEB8-8B4A-11D0-8D11-00A0C91BC942}") = "SharpRay", "SharpRay.vcxproj", "{60EA0FEF-3028-4FBF-84FC-23974703FE99}"
EndProject
Project("{FAE04EC0-301F-11D3-BF4B-00C04F79EFBC}") = "HDRViewer", "..\HDRViewer\HDRViewer.csproj", "{1BC74DBA-9FD5-4922-BD6E-70C5E765354D}"
EndProject
Global
	GlobalSection(SolutionConfigurationPlatforms) = preSolution
		Debug|Any CPU = Debug|Any CPU
		Debug|Mixed Platforms = Debug|Mixed Platforms
		Debug|Win32 = Debug|Win32
		Release|Any CPU = Release|Any CPU
		Release|Mixed Platforms = Release|Mixed Platforms
		Release|Win32 = Release|Win32
	EndGlobalSection
	GlobalSection(ProjectConfigurationPlatforms) = postSolution
		{60EA0FEF-3028-4FBF-84FC-23974703FE99}.Debug|Any CPU.ActiveCfg = Debug|Win32
		{60EA0FEF-3028-4FBF-84FC-23974703FE99}.Debug|Mixed Platforms.ActiveCfg = Debug|Win32
		{60EA0FEF-3028-4FBF-84FC-23974703FE99}.Debug|Mixed Platforms.Build.0 = Debug|Win32
		{60EA0FEF-3028-4FBF-84FC-23974703FE99}.Debug|Win32.ActiveCfg = Debug|Win32
		{60EA0FEF-3028-4FBF-84FC-23974703FE99}.Debug|Win32.Build.0 = Debug|Win32
		{60EA0FEF-3028-4FBF-84FC-23974703FE99}.Release|Any CPU.ActiveCfg = Release|Win32
		{60EA0FEF-3028-4FBF-84FC-23974703FE99}.Release|Mixed Platforms.ActiveCfg = Release|Win32
		{60EA0FEF-3028-4FBF-84FC-23974703FE99}.Release|Mixed Platforms.Build.0 = Release|Win32
		{60EA0FEF-3028-4FBF-84FC-23974703FE99}.Release|Win32.ActiveCfg = Release|Win32
		{60EA0FEF-3028-4FBF-84FC-23974703FE99}.Release|Win32.Build.0 = Release|Win32
		{1BC74DBA-9FD5-4922-BD6E-70C5E765354D}.Debug|Any CPU.ActiveCfg = Debug|Any CPU
		{1BC74DBA-9FD5-4922-BD6E-70C5E765354D}.Debug|Any CPU.Build.0 = Debug|Any CPU
		{1BC74DBA-9FD5-4922-BD6E-70C5E765354D}.Debug|Mixed Platforms.ActiveCfg = Debug|Any CPU
		{1BC74DBA-9FD5-4922-BD6E-70C5E765354D}.Debug|Mixed Platforms.Build.0 = Debug|Any CPU
		{1BC74DBA-9FD5-4922-BD6E-70C5E765354D}.Debug|Win32.ActiveCfg = Debug|Any CPU
		{1BC74DBA-9FD5-4922-BD6E-70C5E765354D}.Release|Any CPU.ActiveCfg = Release|Any CPU
		{1BC74DBA-9FD5-4922-BD6E-70C5E765354D}.Release|Any CPU.Build.0 = Release|Any CPU
		{1BC74DBA-9FD5-4922-BD6E-70C5E765354D}.Release|Mixed Platforms.ActiveCfg = Release|Any CPU
		{1BC74DBA-9FD5-4922-BD6E-70C5E765354D}.Release|Mixed Platforms.Build.0 = Release|Any CPU
		{1BC74DBA-9FD5-4922-BD6E-70C5E765354D}.Release|Win32.ActiveCfg = Release|Any CPU
	EndGlobalSection
	GlobalSection(SolutionProperties) = preSolution
		HideSolutionNode = FALSE
	EndGlobalSection
EndGlobal
