<?xml version="1.0" encoding="utf-8"?>
<Project ToolsVersion="4.0" xmlns="http://schemas.microsoft.com/developer/msbuild/2003">
  <ItemGroup>
    <Filter Include="Source Files">
      <UniqueIdentifier>{4FC737F1-C7A5-4376-A066-2A32D752A2FF}</UniqueIdentifier>
      <Extensions>cpp;c;cc;cxx;def;odl;idl;hpj;bat;asm;asmx</Extensions>
    </Filter>
    <Filter Include="Header Files">
      <UniqueIdentifier>{93995380-89BD-4b04-88EB-625FBE52EBFB}</UniqueIdentifier>
      <Extensions>h;hh;hpp;hxx;hm;inl;inc;xsd</Extensions>
    </Filter>
    <Filter Include="Resource Files">
      <UniqueIdentifier>{67DA6AB6-F800-4c08-8B7A-83BB121AAD01}</UniqueIdentifier>
      <Extensions>rc;ico;cur;bmp;dlg;rc2;rct;bin;rgs;gif;jpg;jpeg;jpe;resx;tiff;tif;png;wav</Extensions>
    </Filter>
    <Filter Include="Camera">
      <UniqueIdentifier>{7a66b9f3-0814-4cc5-b97f-d1da5494b927}</UniqueIdentifier>
    </Filter>
    <Filter Include="Entity">
      <UniqueIdentifier>{8e72d1b5-cce3-402c-8999-087c36eb3f38}</UniqueIdentifier>
    </Filter>
    <Filter Include="Light">
      <UniqueIdentifier>{419a422b-b941-4cd3-a04a-61f97999446b}</UniqueIdentifier>
    </Filter>
    <Filter Include="Physical">
      <UniqueIdentifier>{a847935d-2af5-43a5-9c89-7dd491b80464}</UniqueIdentifier>
    </Filter>
    <Filter Include="Core">
      <UniqueIdentifier>{db79d00b-39ed-48f7-b9b1-c4651acc6346}</UniqueIdentifier>
    </Filter>
    <Filter Include="Sampler">
      <UniqueIdentifier>{d7b49b3f-6d70-47f7-adfc-6380f7092fbd}</UniqueIdentifier>
    </Filter>
  </ItemGroup>
  <ItemGroup>
    <ClCompile Include="main.cpp">
      <Filter>Source Files</Filter>
    </ClCompile>
    <ClCompile Include="camera\camera.cpp">
      <Filter>Camera</Filter>
    </ClCompile>
    <ClCompile Include="camera\pinhole.cpp">
      <Filter>Camera</Filter>
    </ClCompile>
    <ClCompile Include="Core\color.cpp">
      <Filter>Core</Filter>
    </ClCompile>
    <ClCompile Include="entity\entity.cpp">
      <Filter>Entity</Filter>
    </ClCompile>
    <ClCompile Include="core\film.cpp">
      <Filter>Core</Filter>
    </ClCompile>
    <ClCompile Include="light\Light.cpp">
      <Filter>Light</Filter>
    </ClCompile>
    <ClCompile Include="Physical\Material.cpp">
      <Filter>Physical</Filter>
    </ClCompile>
    <ClCompile Include="core\ray.cpp">
      <Filter>Core</Filter>
    </ClCompile>
    <ClCompile Include="core\shader.cpp">
      <Filter>Core</Filter>
    </ClCompile>
    <ClCompile Include="entity\sphere.cpp">
      <Filter>Entity</Filter>
    </ClCompile>
    <ClCompile Include="light\spotLight.cpp">
      <Filter>Light</Filter>
    </ClCompile>
    <ClCompile Include="core\world.cpp">
      <Filter>Core</Filter>
    </ClCompile>
    <ClCompile Include="Entity\Plane.cpp">
      <Filter>Entity</Filter>
    </ClCompile>
    <ClCompile Include="Sampler\Sampler.cpp">
      <Filter>Sampler</Filter>
    </ClCompile>
    <ClCompile Include="Physical\PerfectSpecular.cpp">
      <Filter>Physical</Filter>
    </ClCompile>
  </ItemGroup>
  <ItemGroup>
    <ClInclude Include="camera\camera.h">
      <Filter>Camera</Filter>
    </ClInclude>
    <ClInclude Include="entity\entity.h">
      <Filter>Entity</Filter>
    </ClInclude>
    <ClInclude Include="Core\Color.h">
      <Filter>Core</Filter>
    </ClInclude>
    <ClInclude Include="core\film.h">
      <Filter>Core</Filter>
    </ClInclude>
    <ClInclude Include="Core\fmath.h">
      <Filter>Core</Filter>
    </ClInclude>
    <ClInclude Include="core\ray.h">
      <Filter>Core</Filter>
    </ClInclude>
    <ClInclude Include="core\shader.h">
      <Filter>Core</Filter>
    </ClInclude>
    <ClInclude Include="entity\sphere.h">
      <Filter>Entity</Filter>
    </ClInclude>
    <ClInclude Include="light\Light.h">
      <Filter>Light</Filter>
    </ClInclude>
    <ClInclude Include="light\spotLight.h">
      <Filter>Light</Filter>
    </ClInclude>
    <ClInclude Include="core\world.h">
      <Filter>Core</Filter>
    </ClInclude>
    <ClInclude Include="Physical\Material.h">
      <Filter>Physical</Filter>
    </ClInclude>
    <ClInclude Include="Entity\Plane.h">
      <Filter>Entity</Filter>
    </ClInclude>
    <ClInclude Include="Sampler\Sampler.h">
      <Filter>Sampler</Filter>
    </ClInclude>
    <ClInclude Include="Physical\PerfectSpecular.h">
      <Filter>Physical</Filter>
    </ClInclude>
  </ItemGroup>
</Project>